// !$*UTF8*$!
{
	archiveVersion = 1;
	classes = {
	};
	objectVersion = 50;
	objects = {

/* Begin PBXBuildFile section */
		67F6ADAD246D0B5800423FA7 /* AppDelegate.swift in Sources */ = {isa = PBXBuildFile; fileRef = 67F6ADAC246D0B5800423FA7 /* AppDelegate.swift */; };
		67F6ADAF246D0B5800423FA7 /* SceneDelegate.swift in Sources */ = {isa = PBXBuildFile; fileRef = 67F6ADAE246D0B5800423FA7 /* SceneDelegate.swift */; };
		67F6ADB1246D0B5800423FA7 /* ViewController.swift in Sources */ = {isa = PBXBuildFile; fileRef = 67F6ADB0246D0B5800423FA7 /* ViewController.swift */; };
		67F6ADB4246D0B5800423FA7 /* Main.storyboard in Resources */ = {isa = PBXBuildFile; fileRef = 67F6ADB2246D0B5800423FA7 /* Main.storyboard */; };
		67F6ADB6246D0B5C00423FA7 /* Assets.xcassets in Resources */ = {isa = PBXBuildFile; fileRef = 67F6ADB5246D0B5C00423FA7 /* Assets.xcassets */; };
		67F6ADB9246D0B5C00423FA7 /* LaunchScreen.storyboard in Resources */ = {isa = PBXBuildFile; fileRef = 67F6ADB7246D0B5C00423FA7 /* LaunchScreen.storyboard */; };
		67F6ADCA246D18A700423FA7 /* TutorialSwiftPM.framework in Frameworks */ = {isa = PBXBuildFile; fileRef = 67F6ADC9246D18A700423FA7 /* TutorialSwiftPM.framework */; };
/* End PBXBuildFile section */

/* Begin PBXFileReference section */
		67F6ADA9246D0B5800423FA7 /* CarthageDemo.app */ = {isa = PBXFileReference; explicitFileType = wrapper.application; includeInIndex = 0; path = CarthageDemo.app; sourceTree = BUILT_PRODUCTS_DIR; };
		67F6ADAC246D0B5800423FA7 /* AppDelegate.swift */ = {isa = PBXFileReference; lastKnownFileType = sourcecode.swift; path = AppDelegate.swift; sourceTree = "<group>"; };
		67F6ADAE246D0B5800423FA7 /* SceneDelegate.swift */ = {isa = PBXFileReference; lastKnownFileType = sourcecode.swift; path = SceneDelegate.swift; sourceTree = "<group>"; };
		67F6ADB0246D0B5800423FA7 /* ViewController.swift */ = {isa = PBXFileReference; lastKnownFileType = sourcecode.swift; path = ViewController.swift; sourceTree = "<group>"; };
		67F6ADB3246D0B5800423FA7 /* Base */ = {isa = PBXFileReference; lastKnownFileType = file.storyboard; name = Base; path = Base.lproj/Main.storyboard; sourceTree = "<group>"; };
		67F6ADB5246D0B5C00423FA7 /* Assets.xcassets */ = {isa = PBXFileReference; lastKnownFileType = folder.assetcatalog; path = Assets.xcassets; sourceTree = "<group>"; };
		67F6ADB8246D0B5C00423FA7 /* Base */ = {isa = PBXFileReference; lastKnownFileType = file.storyboard; name = Base; path = Base.lproj/LaunchScreen.storyboard; sourceTree = "<group>"; };
		67F6ADBA246D0B5C00423FA7 /* Info.plist */ = {isa = PBXFileReference; lastKnownFileType = text.plist.xml; path = Info.plist; sourceTree = "<group>"; };
		67F6ADC9246D18A700423FA7 /* TutorialSwiftPM.framework */ = {isa = PBXFileReference; lastKnownFileType = wrapper.framework; name = TutorialSwiftPM.framework; path = Carthage/Build/iOS/Static/TutorialSwiftPM.framework; sourceTree = "<group>"; };
/* End PBXFileReference section */

/* Begin PBXFrameworksBuildPhase section */
		67F6ADA6246D0B5800423FA7 /* Frameworks */ = {
			isa = PBXFrameworksBuildPhase;
			buildActionMask = 2147483647;
			files = (
				67F6ADCA246D18A700423FA7 /* TutorialSwiftPM.framework in Frameworks */,
			);
			runOnlyForDeploymentPostprocessing = 0;
		};
/* End PBXFrameworksBuildPhase section */

/* Begin PBXGroup section */
		67F6ADA0246D0B5800423FA7 = {
			isa = PBXGroup;
			children = (
				67F6ADAB246D0B5800423FA7 /* CarthageDemo */,
				67F6ADAA246D0B5800423FA7 /* Products */,
				67F6ADC1246D0D5700423FA7 /* Frameworks */,
			);
			sourceTree = "<group>";
		};
		67F6ADAA246D0B5800423FA7 /* Products */ = {
			isa = PBXGroup;
			children = (
				67F6ADA9246D0B5800423FA7 /* CarthageDemo.app */,
			);
			name = Products;
			sourceTree = "<group>";
		};
		67F6ADAB246D0B5800423FA7 /* CarthageDemo */ = {
			isa = PBXGroup;
			children = (
				67F6ADAC246D0B5800423FA7 /* AppDelegate.swift */,
				67F6ADAE246D0B5800423FA7 /* SceneDelegate.swift */,
				67F6ADB0246D0B5800423FA7 /* ViewController.swift */,
				67F6ADB2246D0B5800423FA7 /* Main.storyboard */,
				67F6ADB5246D0B5C00423FA7 /* Assets.xcassets */,
				67F6ADB7246D0B5C00423FA7 /* LaunchScreen.storyboard */,
				67F6ADBA246D0B5C00423FA7 /* Info.plist */,
			);
			path = CarthageDemo;
			sourceTree = "<group>";
		};
		67F6ADC1246D0D5700423FA7 /* Frameworks */ = {
			isa = PBXGroup;
			children = (
				67F6ADC9246D18A700423FA7 /* TutorialSwiftPM.framework */,
			);
			name = Frameworks;
			sourceTree = "<group>";
		};
/* End PBXGroup section */

/* Begin PBXNativeTarget section */
		67F6ADA8246D0B5800423FA7 /* CarthageDemo */ = {
			isa = PBXNativeTarget;
			buildConfigurationList = 67F6ADBD246D0B5C00423FA7 /* Build configuration list for PBXNativeTarget "CarthageDemo" */;
			buildPhases = (
				67F6ADA5246D0B5800423FA7 /* Sources */,
				67F6ADA6246D0B5800423FA7 /* Frameworks */,
				67F6ADA7246D0B5800423FA7 /* Resources */,
				67F6ADC0246D0B9400423FA7 /* Carthage */,
			);
			buildRules = (
			);
			dependencies = (
			);
			name = CarthageDemo;
			productName = CarthageDemo;
			productReference = 67F6ADA9246D0B5800423FA7 /* CarthageDemo.app */;
			productType = "com.apple.product-type.application";
		};
/* End PBXNativeTarget section */

/* Begin PBXProject section */
		67F6ADA1246D0B5800423FA7 /* Project object */ = {
			isa = PBXProject;
			attributes = {
				LastSwiftUpdateCheck = 1140;
				LastUpgradeCheck = 1140;
				ORGANIZATIONNAME = "沈兆良";
				TargetAttributes = {
					67F6ADA8246D0B5800423FA7 = {
						CreatedOnToolsVersion = 11.4.1;
					};
				};
			};
			buildConfigurationList = 67F6ADA4246D0B5800423FA7 /* Build configuration list for PBXProject "CarthageDemo" */;
			compatibilityVersion = "Xcode 9.3";
			developmentRegion = en;
			hasScannedForEncodings = 0;
			knownRegions = (
				en,
				Base,
			);
			mainGroup = 67F6ADA0246D0B5800423FA7;
			productRefGroup = 67F6ADAA246D0B5800423FA7 /* Products */;
			projectDirPath = "";
			projectRoot = "";
			targets = (
				67F6ADA8246D0B5800423FA7 /* CarthageDemo */,
			);
		};
/* End PBXProject section */

/* Begin PBXResourcesBuildPhase section */
		67F6ADA7246D0B5800423FA7 /* Resources */ = {
			isa = PBXResourcesBuildPhase;
			buildActionMask = 2147483647;
			files = (
				67F6ADB9246D0B5C00423FA7 /* LaunchScreen.storyboard in Resources */,
				67F6ADB6246D0B5C00423FA7 /* Assets.xcassets in Resources */,
				67F6ADB4246D0B5800423FA7 /* Main.storyboard in Resources */,
			);
			runOnlyForDeploymentPostprocessing = 0;
		};
/* End PBXResourcesBuildPhase section */

/* Begin PBXShellScriptBuildPhase section */
		67F6ADC0246D0B9400423FA7 /* Carthage */ = {
			isa = PBXShellScriptBuildPhase;
			buildActionMask = 2147483647;
			files = (
			);
			inputFileListPaths = (
			);
			inputPaths = (
				"$(SRCROOT)/Carthage/Build/iOS/Static/TutorialSwiftPM.framework",
			);
			name = Carthage;
			outputFileListPaths = (
			);
			outputPaths = (
			);
			runOnlyForDeploymentPostprocessing = 0;
			shellPath = /bin/sh;
			shellScript = "/usr/local/bin/Carthage copy-frameworks\n";
		};
/* End PBXShellScriptBuildPhase section */

/* Begin PBXSourcesBuildPhase section */
		67F6ADA5246D0B5800423FA7 /* Sources */ = {
			isa = PBXSourcesBuildPhase;
			buildActionMask = 2147483647;
			files = (
				67F6ADB1246D0B5800423FA7 /* ViewController.swift in Sources */,
				67F6ADAD246D0B5800423FA7 /* AppDelegate.swift in Sources */,
				67F6ADAF246D0B5800423FA7 /* SceneDelegate.swift in Sources */,
			);
			runOnlyForDeploymentPostprocessing = 0;
		};
/* End PBXSourcesBuildPhase section */

/* Begin PBXVariantGroup section */
		67F6ADB2246D0B5800423FA7 /* Main.storyboard */ = {
			isa = PBXVariantGroup;
			children = (
				67F6ADB3246D0B5800423FA7 /* Base */,
			);
			name = Main.storyboard;
			sourceTree = "<group>";
		};
		67F6ADB7246D0B5C00423FA7 /* LaunchScreen.storyboard */ = {
			isa = PBXVariantGroup;
			children = (
				67F6ADB8246D0B5C00423FA7 /* Base */,
			);
			name = LaunchScreen.storyboard;
			sourceTree = "<group>";
		};
/* End PBXVariantGroup section */

/* Begin XCBuildConfiguration section */
		67F6ADBB246D0B5C00423FA7 /* Debug */ = {
			isa = XCBuildConfiguration;
			buildSettings = {
				ALWAYS_SEARCH_USER_PATHS = NO;
				CLANG_ANALYZER_NONNULL = YES;
				CLANG_ANALYZER_NUMBER_OBJECT_CONVERSION = YES_AGGRESSIVE;
				CLANG_CXX_LANGUAGE_STANDARD = "gnu++14";
				CLANG_CXX_LIBRARY = "libc++";
				CLANG_ENABLE_MODULES = YES;
				CLANG_ENABLE_OBJC_ARC = YES;
				CLANG_ENABLE_OBJC_WEAK = YES;
				CLANG_WARN_BLOCK_CAPTURE_AUTORELEASING = YES;
				CLANG_WARN_BOOL_CONVERSION = YES;
				CLANG_WARN_COMMA = YES;
				CLANG_WARN_CONSTANT_CONVERSION = YES;
				CLANG_WARN_DEPRECATED_OBJC_IMPLEMENTATIONS = YES;
				CLANG_WARN_DIRECT_OBJC_ISA_USAGE = YES_ERROR;
				CLANG_WARN_DOCUMENTATION_COMMENTS = YES;
				CLANG_WARN_EMPTY_BODY = YES;
				CLANG_WARN_ENUM_CONVERSION = YES;
				CLANG_WARN_INFINITE_RECURSION = YES;
				CLANG_WARN_INT_CONVERSION = YES;
				CLANG_WARN_NON_LITERAL_NULL_CONVERSION = YES;
				CLANG_WARN_OBJC_IMPLICIT_RETAIN_SELF = YES;
				CLANG_WARN_OBJC_LITERAL_CONVERSION = YES;
				CLANG_WARN_OBJC_ROOT_CLASS = YES_ERROR;
				CLANG_WARN_RANGE_LOOP_ANALYSIS = YES;
				CLANG_WARN_STRICT_PROTOTYPES = YES;
				CLANG_WARN_SUSPICIOUS_MOVE = YES;
				CLANG_WARN_UNGUARDED_AVAILABILITY = YES_AGGRESSIVE;
				CLANG_WARN_UNREACHABLE_CODE = YES;
				CLANG_WARN__DUPLICATE_METHOD_MATCH = YES;
				COPY_PHASE_STRIP = NO;
				DEBUG_INFORMATION_FORMAT = dwarf;
				ENABLE_STRICT_OBJC_MSGSEND = YES;
				ENABLE_TESTABILITY = YES;
				GCC_C_LANGUAGE_STANDARD = gnu11;
				GCC_DYNAMIC_NO_PIC = NO;
				GCC_NO_COMMON_BLOCKS = YES;
				GCC_OPTIMIZATION_LEVEL = 0;
				GCC_PREPROCESSOR_DEFINITIONS = (
					"DEBUG=1",
					"$(inherited)",
				);
				GCC_WARN_64_TO_32_BIT_CONVERSION = YES;
				GCC_WARN_ABOUT_RETURN_TYPE = YES_ERROR;
				GCC_WARN_UNDECLARED_SELECTOR = YES;
				GCC_WARN_UNINITIALIZED_AUTOS = YES_AGGRESSIVE;
				GCC_WARN_UNUSED_FUNCTION = YES;
				GCC_WARN_UNUSED_VARIABLE = YES;
				IPHONEOS_DEPLOYMENT_TARGET = 13.0;
				MTL_ENABLE_DEBUG_INFO = INCLUDE_SOURCE;
				MTL_FAST_MATH = YES;
				ONLY_ACTIVE_ARCH = YES;
				SDKROOT = iphoneos;
				SWIFT_ACTIVE_COMPILATION_CONDITIONS = DEBUG;
				SWIFT_OPTIMIZATION_LEVEL = "-Onone";
			};
			name = Debug;
		};
		67F6ADBC246D0B5C00423FA7 /* Release */ = {
			isa = XCBuildConfiguration;
			buildSettings = {
				ALWAYS_SEARCH_USER_PATHS = NO;
				CLANG_ANALYZER_NONNULL = YES;
				CLANG_ANALYZER_NUMBER_OBJECT_CONVERSION = YES_AGGRESSIVE;
				CLANG_CXX_LANGUAGE_STANDARD = "gnu++14";
				CLANG_CXX_LIBRARY = "libc++";
				CLANG_ENABLE_MODULES = YES;
				CLANG_ENABLE_OBJC_ARC = YES;
				CLANG_ENABLE_OBJC_WEAK = YES;
				CLANG_WARN_BLOCK_CAPTURE_AUTORELEASING = YES;
				CLANG_WARN_BOOL_CONVERSION = YES;
				CLANG_WARN_COMMA = YES;
				CLANG_WARN_CONSTANT_CONVERSION = YES;
				CLANG_WARN_DEPRECATED_OBJC_IMPLEMENTATIONS = YES;
				CLANG_WARN_DIRECT_OBJC_ISA_USAGE = YES_ERROR;
				CLANG_WARN_DOCUMENTATION_COMMENTS = YES;
				CLANG_WARN_EMPTY_BODY = YES;
				CLANG_WARN_ENUM_CONVERSION = YES;
				CLANG_WARN_INFINITE_RECURSION = YES;
				CLANG_WARN_INT_CONVERSION = YES;
				CLANG_WARN_NON_LITERAL_NULL_CONVERSION = YES;
				CLANG_WARN_OBJC_IMPLICIT_RETAIN_SELF = YES;
				CLANG_WARN_OBJC_LITERAL_CONVERSION = YES;
				CLANG_WARN_OBJC_ROOT_CLASS = YES_ERROR;
				CLANG_WARN_RANGE_LOOP_ANALYSIS = YES;
				CLANG_WARN_STRICT_PROTOTYPES = YES;
				CLANG_WARN_SUSPICIOUS_MOVE = YES;
				CLANG_WARN_UNGUARDED_AVAILABILITY = YES_AGGRESSIVE;
				CLANG_WARN_UNREACHABLE_CODE = YES;
				CLANG_WARN__DUPLICATE_METHOD_MATCH = YES;
				COPY_PHASE_STRIP = NO;
				DEBUG_INFORMATION_FORMAT = "dwarf-with-dsym";
				ENABLE_NS_ASSERTIONS = NO;
				ENABLE_STRICT_OBJC_MSGSEND = YES;
				GCC_C_LANGUAGE_STANDARD = gnu11;
				GCC_NO_COMMON_BLOCKS = YES;
				GCC_WARN_64_TO_32_BIT_CONVERSION = YES;
				GCC_WARN_ABOUT_RETURN_TYPE = YES_ERROR;
				GCC_WARN_UNDECLARED_SELECTOR = YES;
				GCC_WARN_UNINITIALIZED_AUTOS = YES_AGGRESSIVE;
				GCC_WARN_UNUSED_FUNCTION = YES;
				GCC_WARN_UNUSED_VARIABLE = YES;
				IPHONEOS_DEPLOYMENT_TARGET = 13.0;
				MTL_ENABLE_DEBUG_INFO = NO;
				MTL_FAST_MATH = YES;
				SDKROOT = iphoneos;
				SWIFT_COMPILATION_MODE = wholemodule;
				SWIFT_OPTIMIZATION_LEVEL = "-O";
				VALIDATE_PRODUCT = YES;
			};
			name = Release;
		};
		67F6ADBE246D0B5C00423FA7 /* Debug */ = {
			isa = XCBuildConfiguration;
			buildSettings = {
				ASSETCATALOG_COMPILER_APPICON_NAME = AppIcon;
				CODE_SIGN_STYLE = Automatic;
				DEVELOPMENT_TEAM = Z25J3BA353;
				FRAMEWORK_SEARCH_PATHS = (
					"$(inherited)",
					"$(PROJECT_DIR)",
					"$(PROJECT_DIR)/Carthage/Build/iOS/Static",
				);
				INFOPLIST_FILE = CarthageDemo/Info.plist;
				LD_RUNPATH_SEARCH_PATHS = (
					"$(inherited)",
					"@executable_path/Frameworks",
				);
				PRODUCT_BUNDLE_IDENTIFIER = st.CarthageDemo;
				PRODUCT_NAME = "$(TARGET_NAME)";
				SWIFT_VERSION = 5.0;
				TARGETED_DEVICE_FAMILY = "1,2";
			};
			name = Debug;
		};
		67F6ADBF246D0B5C00423FA7 /* Release */ = {
			isa = XCBuildConfiguration;
			buildSettings = {
				ASSETCATALOG_COMPILER_APPICON_NAME = AppIcon;
				CODE_SIGN_STYLE = Automatic;
				DEVELOPMENT_TEAM = Z25J3BA353;
				FRAMEWORK_SEARCH_PATHS = (
					"$(inherited)",
					"$(PROJECT_DIR)",
					"$(PROJECT_DIR)/Carthage/Build/iOS/Static",
				);
				INFOPLIST_FILE = CarthageDemo/Info.plist;
				LD_RUNPATH_SEARCH_PATHS = (
					"$(inherited)",
					"@executable_path/Frameworks",
				);
				PRODUCT_BUNDLE_IDENTIFIER = st.CarthageDemo;
				PRODUCT_NAME = "$(TARGET_NAME)";
				SWIFT_VERSION = 5.0;
				TARGETED_DEVICE_FAMILY = "1,2";
			};
			name = Release;
		};
/* End XCBuildConfiguration section */

/* Begin XCConfigurationList section */
		67F6ADA4246D0B5800423FA7 /* Build configuration list for PBXProject "CarthageDemo" */ = {
			isa = XCConfigurationList;
			buildConfigurations = (
				67F6ADBB246D0B5C00423FA7 /* Debug */,
				67F6ADBC246D0B5C00423FA7 /* Release */,
			);
			defaultConfigurationIsVisible = 0;
			defaultConfigurationName = Release;
		};
		67F6ADBD246D0B5C00423FA7 /* Build configuration list for PBXNativeTarget "CarthageDemo" */ = {
			isa = XCConfigurationList;
			buildConfigurations = (
				67F6ADBE246D0B5C00423FA7 /* Debug */,
				67F6ADBF246D0B5C00423FA7 /* Release */,
			);
			defaultConfigurationIsVisible = 0;
			defaultConfigurationName = Release;
		};
/* End XCConfigurationList section */
	};
	rootObject = 67F6ADA1246D0B5800423FA7 /* Project object */;
}
